# This file is automatically @generated by Cargo.
# It is not intended for manual editing.
version = 3

[[package]]
name = "sudoku"
version = "0.1.1"
dependencies = [
 "trees",
]

[[package]]
name = "trees"
version = "0.1.5"
source = "git+https://github.com/YvDem/rust_tree_impl#967602e522108b273b7f519e5686fafb7677ba53"
