# This file is automatically @generated by Cargo.
# It is not intended for manual editing.
version = 3

[[package]]
name = "sudoku"
version = "0.1.1"
dependencies = [
 "trees",
]

[[package]]
name = "trees"
version = "0.1.4"
source = "git+https://github.com/YvDem/rust_tree_impl#33e3ba1bb6a3044a257ef9f5e86e396b1279e7ce"
